
Microsoft Visual Studio Solution File, Format Version 12.00
# Visual Studio Version 17
VisualStudioVersion = 17.2.32505.173
MinimumVisualStudioVersion = 10.0.40219.1
Project("{9A19103F-16F7-4668-BE54-9A1E7A4F7556}") = "GymMGMT.Domain", "GymMGMT.Domain\GymMGMT.Domain.csproj", "{63D8BF25-F4F9-4A59-991B-5A26E6D02400}"
EndProject
Project("{9A19103F-16F7-4668-BE54-9A1E7A4F7556}") = "GymMGMT.Application", "GymMGMT.Application\GymMGMT.Application.csproj", "{6F7FEA3C-3F44-4CDE-816F-5FB6142CF37A}"
EndProject
Project("{9A19103F-16F7-4668-BE54-9A1E7A4F7556}") = "GymMGMT.Application.Security", "GymMGMT.Application.Security\GymMGMT.Application.Security.csproj", "{E8E8B588-7E2B-4EC4-9FB4-2EF1FD30BF64}"
EndProject
Project("{9A19103F-16F7-4668-BE54-9A1E7A4F7556}") = "GymMGMT.Application.CQRS", "GymMGMT.Application.CQRS\GymMGMT.Application.CQRS.csproj", "{A4DB070F-528B-47CE-998F-E08BDF78C7A7}"
EndProject
Project("{9A19103F-16F7-4668-BE54-9A1E7A4F7556}") = "GymMGMT.Application.Tests", "GymMGMT.Application.Tests\GymMGMT.Application.Tests.csproj", "{A2F8B04C-F7A1-48A6-AE9E-7FDEA9161441}"
EndProject
Project("{9A19103F-16F7-4668-BE54-9A1E7A4F7556}") = "GymMGMT.Persistence.EF", "GymMGMT.Persistence.EF\GymMGMT.Persistence.EF.csproj", "{CF9BAE9A-B4CB-44D0-8DB9-F6325D39E90C}"
EndProject
Project("{9A19103F-16F7-4668-BE54-9A1E7A4F7556}") = "GymMGMT.Infrastructure.Security", "GymMGMT.Infrastructure.Security\GymMGMT.Infrastructure.Security.csproj", "{EE5150C3-9937-4375-B7AF-16EF6834F18C}"
EndProject
Project("{9A19103F-16F7-4668-BE54-9A1E7A4F7556}") = "GymMGMT.Api", "GymMGMT.Api\GymMGMT.Api.csproj", "{7A0F77FF-1497-4B88-9B9D-7338E2F99DE0}"
EndProject
Project("{9A19103F-16F7-4668-BE54-9A1E7A4F7556}") = "GymMGMT.Api.Tests", "GymMGMT.Api.Tests\GymMGMT.Api.Tests.csproj", "{99C654A1-7FB5-4117-ACC7-4C827C9F0051}"
EndProject
Project("{9A19103F-16F7-4668-BE54-9A1E7A4F7556}") = "GymMGMT.Infrastructure", "GymMGMT.Infrastructure\GymMGMT.Infrastructure.csproj", "{59555E9D-86F0-4DE0-8324-5FCB64C5B989}"
EndProject
Global
	GlobalSection(SolutionConfigurationPlatforms) = preSolution
		Debug|Any CPU = Debug|Any CPU
		Release|Any CPU = Release|Any CPU
	EndGlobalSection
	GlobalSection(ProjectConfigurationPlatforms) = postSolution
		{63D8BF25-F4F9-4A59-991B-5A26E6D02400}.Debug|Any CPU.ActiveCfg = Debug|Any CPU
		{63D8BF25-F4F9-4A59-991B-5A26E6D02400}.Debug|Any CPU.Build.0 = Debug|Any CPU
		{63D8BF25-F4F9-4A59-991B-5A26E6D02400}.Release|Any CPU.ActiveCfg = Release|Any CPU
		{63D8BF25-F4F9-4A59-991B-5A26E6D02400}.Release|Any CPU.Build.0 = Release|Any CPU
		{6F7FEA3C-3F44-4CDE-816F-5FB6142CF37A}.Debug|Any CPU.ActiveCfg = Debug|Any CPU
		{6F7FEA3C-3F44-4CDE-816F-5FB6142CF37A}.Debug|Any CPU.Build.0 = Debug|Any CPU
		{6F7FEA3C-3F44-4CDE-816F-5FB6142CF37A}.Release|Any CPU.ActiveCfg = Release|Any CPU
		{6F7FEA3C-3F44-4CDE-816F-5FB6142CF37A}.Release|Any CPU.Build.0 = Release|Any CPU
		{E8E8B588-7E2B-4EC4-9FB4-2EF1FD30BF64}.Debug|Any CPU.ActiveCfg = Debug|Any CPU
		{E8E8B588-7E2B-4EC4-9FB4-2EF1FD30BF64}.Debug|Any CPU.Build.0 = Debug|Any CPU
		{E8E8B588-7E2B-4EC4-9FB4-2EF1FD30BF64}.Release|Any CPU.ActiveCfg = Release|Any CPU
		{E8E8B588-7E2B-4EC4-9FB4-2EF1FD30BF64}.Release|Any CPU.Build.0 = Release|Any CPU
		{A4DB070F-528B-47CE-998F-E08BDF78C7A7}.Debug|Any CPU.ActiveCfg = Debug|Any CPU
		{A4DB070F-528B-47CE-998F-E08BDF78C7A7}.Debug|Any CPU.Build.0 = Debug|Any CPU
		{A4DB070F-528B-47CE-998F-E08BDF78C7A7}.Release|Any CPU.ActiveCfg = Release|Any CPU
		{A4DB070F-528B-47CE-998F-E08BDF78C7A7}.Release|Any CPU.Build.0 = Release|Any CPU
		{A2F8B04C-F7A1-48A6-AE9E-7FDEA9161441}.Debug|Any CPU.ActiveCfg = Debug|Any CPU
		{A2F8B04C-F7A1-48A6-AE9E-7FDEA9161441}.Debug|Any CPU.Build.0 = Debug|Any CPU
		{A2F8B04C-F7A1-48A6-AE9E-7FDEA9161441}.Release|Any CPU.ActiveCfg = Release|Any CPU
		{A2F8B04C-F7A1-48A6-AE9E-7FDEA9161441}.Release|Any CPU.Build.0 = Release|Any CPU
		{CF9BAE9A-B4CB-44D0-8DB9-F6325D39E90C}.Debug|Any CPU.ActiveCfg = Debug|Any CPU
		{CF9BAE9A-B4CB-44D0-8DB9-F6325D39E90C}.Debug|Any CPU.Build.0 = Debug|Any CPU
		{CF9BAE9A-B4CB-44D0-8DB9-F6325D39E90C}.Release|Any CPU.ActiveCfg = Release|Any CPU
		{CF9BAE9A-B4CB-44D0-8DB9-F6325D39E90C}.Release|Any CPU.Build.0 = Release|Any CPU
		{EE5150C3-9937-4375-B7AF-16EF6834F18C}.Debug|Any CPU.ActiveCfg = Debug|Any CPU
		{EE5150C3-9937-4375-B7AF-16EF6834F18C}.Debug|Any CPU.Build.0 = Debug|Any CPU
		{EE5150C3-9937-4375-B7AF-16EF6834F18C}.Release|Any CPU.ActiveCfg = Release|Any CPU
		{EE5150C3-9937-4375-B7AF-16EF6834F18C}.Release|Any CPU.Build.0 = Release|Any CPU
		{7A0F77FF-1497-4B88-9B9D-7338E2F99DE0}.Debug|Any CPU.ActiveCfg = Debug|Any CPU
		{7A0F77FF-1497-4B88-9B9D-7338E2F99DE0}.Debug|Any CPU.Build.0 = Debug|Any CPU
		{7A0F77FF-1497-4B88-9B9D-7338E2F99DE0}.Release|Any CPU.ActiveCfg = Release|Any CPU
		{7A0F77FF-1497-4B88-9B9D-7338E2F99DE0}.Release|Any CPU.Build.0 = Release|Any CPU
		{99C654A1-7FB5-4117-ACC7-4C827C9F0051}.Debug|Any CPU.ActiveCfg = Debug|Any CPU
		{99C654A1-7FB5-4117-ACC7-4C827C9F0051}.Debug|Any CPU.Build.0 = Debug|Any CPU
		{99C654A1-7FB5-4117-ACC7-4C827C9F0051}.Release|Any CPU.ActiveCfg = Release|Any CPU
		{99C654A1-7FB5-4117-ACC7-4C827C9F0051}.Release|Any CPU.Build.0 = Release|Any CPU
		{59555E9D-86F0-4DE0-8324-5FCB64C5B989}.Debug|Any CPU.ActiveCfg = Debug|Any CPU
		{59555E9D-86F0-4DE0-8324-5FCB64C5B989}.Debug|Any CPU.Build.0 = Debug|Any CPU
		{59555E9D-86F0-4DE0-8324-5FCB64C5B989}.Release|Any CPU.ActiveCfg = Release|Any CPU
		{59555E9D-86F0-4DE0-8324-5FCB64C5B989}.Release|Any CPU.Build.0 = Release|Any CPU
	EndGlobalSection
	GlobalSection(SolutionProperties) = preSolution
		HideSolutionNode = FALSE
	EndGlobalSection
	GlobalSection(ExtensibilityGlobals) = postSolution
		SolutionGuid = {D4C3A19D-CC34-4791-8CBE-4AF2B3240963}
	EndGlobalSection
EndGlobal
